
Microsoft Visual Studio Solution File, Format Version 12.00
# Visual Studio Version 17
VisualStudioVersion = 17.2.32526.322
MinimumVisualStudioVersion = 10.0.40219.1
Project("{8BC9CEB8-8B4A-11D0-8D11-00A0C91BC942}") = "honeycomb", "honeycomb.vcxproj", "{AECCD7D6-1C49-4735-AFBD-7E843FC3A177}"
EndProject
Global
	GlobalSection(SolutionConfigurationPlatforms) = preSolution
		Debug|x64 = Debug|x64
		Debug|x86 = Debug|x86
		Release|x64 = Release|x64
		Release|x86 = Release|x86
	EndGlobalSection
	GlobalSection(ProjectConfigurationPlatforms) = postSolution
		{AECCD7D6-1C49-4735-AFBD-7E843FC3A177}.Debug|x64.ActiveCfg = Debug|x64
		{AECCD7D6-1C49-4735-AFBD-7E843FC3A177}.Debug|x64.Build.0 = Debug|x64
		{AECCD7D6-1C49-4735-AFBD-7E843FC3A177}.Debug|x86.ActiveCfg = Debug|Win32
		{AECCD7D6-1C49-4735-AFBD-7E843FC3A177}.Debug|x86.Build.0 = Debug|Win32
		{AECCD7D6-1C49-4735-AFBD-7E843FC3A177}.Release|x64.ActiveCfg = Release|x64
		{AECCD7D6-1C49-4735-AFBD-7E843FC3A177}.Release|x64.Build.0 = Release|x64
		{AECCD7D6-1C49-4735-AFBD-7E843FC3A177}.Release|x86.ActiveCfg = Release|Win32
		{AECCD7D6-1C49-4735-AFBD-7E843FC3A177}.Release|x86.Build.0 = Release|Win32
	EndGlobalSection
	GlobalSection(SolutionProperties) = preSolution
		HideSolutionNode = FALSE
	EndGlobalSection
	GlobalSection(ExtensibilityGlobals) = postSolution
		SolutionGuid = {E2F8F91D-CF5F-4A5B-AEDE-A8B2A1E27D9B}
	EndGlobalSection
EndGlobal
